Microsoft Visual Studio Solution File, Format Version 11.00
# Visual Studio 2008

Project("{D8605B48-D739-D9C6-373E-39DD3B20E19D}") = "runningBitches", "Assembly-CSharp.csproj", "{EED0767A-5F66-0C7A-9EF5-61BB59BDB768}"
EndProject
Global
	GlobalSection(SolutionConfigurationPlatforms) = preSolution
		Debug|Any CPU = Debug|Any CPU
		Release|Any CPU = Release|Any CPU
	EndGlobalSection
	GlobalSection(ProjectConfigurationPlatforms) = postSolution
		{EED0767A-5F66-0C7A-9EF5-61BB59BDB768}.Debug|Any CPU.ActiveCfg = Debug|Any CPU
		{EED0767A-5F66-0C7A-9EF5-61BB59BDB768}.Debug|Any CPU.Build.0 = Debug|Any CPU
		{EED0767A-5F66-0C7A-9EF5-61BB59BDB768}.Release|Any CPU.ActiveCfg = Release|Any CPU
		{EED0767A-5F66-0C7A-9EF5-61BB59BDB768}.Release|Any CPU.Build.0 = Release|Any CPU
	EndGlobalSection
	GlobalSection(SolutionProperties) = preSolution
		HideSolutionNode = FALSE
	EndGlobalSection
	GlobalSection(MonoDevelopProperties) = preSolution
		StartupItem = Assembly-CSharp.csproj
	EndGlobalSection
EndGlobal
